
Microsoft Visual Studio Solution File, Format Version 12.00
# Visual Studio Version 17
VisualStudioVersion = 17.14.36717.8
MinimumVisualStudioVersion = 10.0.40219.1
Project("{2150E333-8FDC-42A3-9474-1A3956D46DE8}") = "Services", "Services", "{02EA681E-C7D8-13C7-8484-4AC65E1B71E8}"
EndProject
Project("{2150E333-8FDC-42A3-9474-1A3956D46DE8}") = "WebApps", "WebApps", "{F0ED4655-D5F7-40CF-B363-22151601A981}"
EndProject
Project("{2150E333-8FDC-42A3-9474-1A3956D46DE8}") = "Cadastros", "Cadastros", "{38603680-9340-402E-9CB3-1F2FB88E9432}"
EndProject
Project("{2150E333-8FDC-42A3-9474-1A3956D46DE8}") = "Catalogo", "Catalogo", "{B1DE9A68-D31F-4DB2-903B-C28DAEA76116}"
EndProject
Project("{2150E333-8FDC-42A3-9474-1A3956D46DE8}") = "Core", "Core", "{B51124FC-D094-49EA-8C1D-AF2C7841DEC6}"
EndProject
Project("{2150E333-8FDC-42A3-9474-1A3956D46DE8}") = "Fiscal", "Fiscal", "{C4E2409F-065E-470F-A0E8-F999E0CB0368}"
EndProject
Project("{2150E333-8FDC-42A3-9474-1A3956D46DE8}") = "Pagamentos", "Pagamentos", "{799FEA4D-6361-455B-A003-3B9ED4DACA7E}"
EndProject
Project("{2150E333-8FDC-42A3-9474-1A3956D46DE8}") = "Vendas", "Vendas", "{FF549E28-CB07-4D4E-9F7F-D5B3C8AD5049}"
EndProject
Project("{FAE04EC0-301F-11D3-BF4B-00C04F79EFBC}") = "NerdStore.Catalogo.Domain", "src\NerdStore.Catalogo.Domain\NerdStore.Catalogo.Domain.csproj", "{4D3859A7-2DE0-45CC-A27B-0775BD0CB2D9}"
EndProject
Project("{FAE04EC0-301F-11D3-BF4B-00C04F79EFBC}") = "NerdStore.Core", "src\NerdStore.Core\NerdStore.Core.csproj", "{2AC75FD0-28B5-4798-9341-C64F544D0785}"
EndProject
Project("{2150E333-8FDC-42A3-9474-1A3956D46DE8}") = "Tests", "Tests", "{6402E766-C7E7-49EE-8C20-E9B54CD399D7}"
EndProject
Project("{FAE04EC0-301F-11D3-BF4B-00C04F79EFBC}") = "NerdStore.Catalogo.Domain.Tests", "tests\NerdStore.Catalogo.Domain.Tests\NerdStore.Catalogo.Domain.Tests.csproj", "{BD371AF4-B8D2-4DC4-BC88-7F62ED361C85}"
EndProject
Project("{FAE04EC0-301F-11D3-BF4B-00C04F79EFBC}") = "NerdStore.Catalogo.Data", "src\NerdStore.Catalogo.Data\NerdStore.Catalogo.Data.csproj", "{003F5341-4B44-4D5E-ADD1-1AF1A899A2F0}"
EndProject
Project("{FAE04EC0-301F-11D3-BF4B-00C04F79EFBC}") = "NerdStore.Catalogo.Application", "src\NerdStore.Catalogo.Application\NerdStore.Catalogo.Application.csproj", "{5342BEBD-273A-446E-BA33-BFF237847D74}"
EndProject
Project("{FAE04EC0-301F-11D3-BF4B-00C04F79EFBC}") = "NerdStore.WebApp.MVC", "src\NerdStore.WebApp.MVC\NerdStore.WebApp.MVC.csproj", "{C539FFF2-FC5A-4605-8BAD-F302415970CA}"
EndProject
Global
	GlobalSection(SolutionConfigurationPlatforms) = preSolution
		Debug|Any CPU = Debug|Any CPU
		Release|Any CPU = Release|Any CPU
	EndGlobalSection
	GlobalSection(ProjectConfigurationPlatforms) = postSolution
		{4D3859A7-2DE0-45CC-A27B-0775BD0CB2D9}.Debug|Any CPU.ActiveCfg = Debug|Any CPU
		{4D3859A7-2DE0-45CC-A27B-0775BD0CB2D9}.Debug|Any CPU.Build.0 = Debug|Any CPU
		{4D3859A7-2DE0-45CC-A27B-0775BD0CB2D9}.Release|Any CPU.ActiveCfg = Release|Any CPU
		{4D3859A7-2DE0-45CC-A27B-0775BD0CB2D9}.Release|Any CPU.Build.0 = Release|Any CPU
		{2AC75FD0-28B5-4798-9341-C64F544D0785}.Debug|Any CPU.ActiveCfg = Debug|Any CPU
		{2AC75FD0-28B5-4798-9341-C64F544D0785}.Debug|Any CPU.Build.0 = Debug|Any CPU
		{2AC75FD0-28B5-4798-9341-C64F544D0785}.Release|Any CPU.ActiveCfg = Release|Any CPU
		{2AC75FD0-28B5-4798-9341-C64F544D0785}.Release|Any CPU.Build.0 = Release|Any CPU
		{BD371AF4-B8D2-4DC4-BC88-7F62ED361C85}.Debug|Any CPU.ActiveCfg = Debug|Any CPU
		{BD371AF4-B8D2-4DC4-BC88-7F62ED361C85}.Debug|Any CPU.Build.0 = Debug|Any CPU
		{BD371AF4-B8D2-4DC4-BC88-7F62ED361C85}.Release|Any CPU.ActiveCfg = Release|Any CPU
		{BD371AF4-B8D2-4DC4-BC88-7F62ED361C85}.Release|Any CPU.Build.0 = Release|Any CPU
		{003F5341-4B44-4D5E-ADD1-1AF1A899A2F0}.Debug|Any CPU.ActiveCfg = Debug|Any CPU
		{003F5341-4B44-4D5E-ADD1-1AF1A899A2F0}.Debug|Any CPU.Build.0 = Debug|Any CPU
		{003F5341-4B44-4D5E-ADD1-1AF1A899A2F0}.Release|Any CPU.ActiveCfg = Release|Any CPU
		{003F5341-4B44-4D5E-ADD1-1AF1A899A2F0}.Release|Any CPU.Build.0 = Release|Any CPU
		{5342BEBD-273A-446E-BA33-BFF237847D74}.Debug|Any CPU.ActiveCfg = Debug|Any CPU
		{5342BEBD-273A-446E-BA33-BFF237847D74}.Debug|Any CPU.Build.0 = Debug|Any CPU
		{5342BEBD-273A-446E-BA33-BFF237847D74}.Release|Any CPU.ActiveCfg = Release|Any CPU
		{5342BEBD-273A-446E-BA33-BFF237847D74}.Release|Any CPU.Build.0 = Release|Any CPU
		{C539FFF2-FC5A-4605-8BAD-F302415970CA}.Debug|Any CPU.ActiveCfg = Debug|Any CPU
		{C539FFF2-FC5A-4605-8BAD-F302415970CA}.Debug|Any CPU.Build.0 = Debug|Any CPU
		{C539FFF2-FC5A-4605-8BAD-F302415970CA}.Release|Any CPU.ActiveCfg = Release|Any CPU
		{C539FFF2-FC5A-4605-8BAD-F302415970CA}.Release|Any CPU.Build.0 = Release|Any CPU
	EndGlobalSection
	GlobalSection(SolutionProperties) = preSolution
		HideSolutionNode = FALSE
	EndGlobalSection
	GlobalSection(NestedProjects) = preSolution
		{38603680-9340-402E-9CB3-1F2FB88E9432} = {02EA681E-C7D8-13C7-8484-4AC65E1B71E8}
		{B1DE9A68-D31F-4DB2-903B-C28DAEA76116} = {02EA681E-C7D8-13C7-8484-4AC65E1B71E8}
		{B51124FC-D094-49EA-8C1D-AF2C7841DEC6} = {02EA681E-C7D8-13C7-8484-4AC65E1B71E8}
		{C4E2409F-065E-470F-A0E8-F999E0CB0368} = {02EA681E-C7D8-13C7-8484-4AC65E1B71E8}
		{799FEA4D-6361-455B-A003-3B9ED4DACA7E} = {02EA681E-C7D8-13C7-8484-4AC65E1B71E8}
		{FF549E28-CB07-4D4E-9F7F-D5B3C8AD5049} = {02EA681E-C7D8-13C7-8484-4AC65E1B71E8}
		{4D3859A7-2DE0-45CC-A27B-0775BD0CB2D9} = {B1DE9A68-D31F-4DB2-903B-C28DAEA76116}
		{2AC75FD0-28B5-4798-9341-C64F544D0785} = {B51124FC-D094-49EA-8C1D-AF2C7841DEC6}
		{6402E766-C7E7-49EE-8C20-E9B54CD399D7} = {B1DE9A68-D31F-4DB2-903B-C28DAEA76116}
		{BD371AF4-B8D2-4DC4-BC88-7F62ED361C85} = {6402E766-C7E7-49EE-8C20-E9B54CD399D7}
		{003F5341-4B44-4D5E-ADD1-1AF1A899A2F0} = {B1DE9A68-D31F-4DB2-903B-C28DAEA76116}
		{5342BEBD-273A-446E-BA33-BFF237847D74} = {B1DE9A68-D31F-4DB2-903B-C28DAEA76116}
	EndGlobalSection
	GlobalSection(ExtensibilityGlobals) = postSolution
		SolutionGuid = {FBCCD246-A87C-4B5F-8571-4294D5304F4E}
	EndGlobalSection
EndGlobal
